
Microsoft Visual Studio Solution File, Format Version 12.00
# Visual Studio Version 17
VisualStudioVersion = 17.5.33530.505
MinimumVisualStudioVersion = 10.0.40219.1
Project("{8BC9CEB8-8B4A-11D0-8D11-00A0C91BC942}") = "Footbal.Transfer", "Footbal.Transfer\Footbal.Transfer.vcxproj", "{BBA02A52-15F6-48AC-85C7-3B4DE2C383E6}"
EndProject
Global
	GlobalSection(SolutionConfigurationPlatforms) = preSolution
		Debug|x64 = Debug|x64
		Debug|x86 = Debug|x86
		Release|x64 = Release|x64
		Release|x86 = Release|x86
	EndGlobalSection
	GlobalSection(ProjectConfigurationPlatforms) = postSolution
		{BBA02A52-15F6-48AC-85C7-3B4DE2C383E6}.Debug|x64.ActiveCfg = Debug|x64
		{BBA02A52-15F6-48AC-85C7-3B4DE2C383E6}.Debug|x64.Build.0 = Debug|x64
		{BBA02A52-15F6-48AC-85C7-3B4DE2C383E6}.Debug|x86.ActiveCfg = Debug|Win32
		{BBA02A52-15F6-48AC-85C7-3B4DE2C383E6}.Debug|x86.Build.0 = Debug|Win32
		{BBA02A52-15F6-48AC-85C7-3B4DE2C383E6}.Release|x64.ActiveCfg = Release|x64
		{BBA02A52-15F6-48AC-85C7-3B4DE2C383E6}.Release|x64.Build.0 = Release|x64
		{BBA02A52-15F6-48AC-85C7-3B4DE2C383E6}.Release|x86.ActiveCfg = Release|Win32
		{BBA02A52-15F6-48AC-85C7-3B4DE2C383E6}.Release|x86.Build.0 = Release|Win32
	EndGlobalSection
	GlobalSection(SolutionProperties) = preSolution
		HideSolutionNode = FALSE
	EndGlobalSection
	GlobalSection(ExtensibilityGlobals) = postSolution
		SolutionGuid = {C51141E7-E31A-49A4-8579-E30DE333CAEB}
	EndGlobalSection
EndGlobal
